// !$*UTF8*$!
{
	archiveVersion = 1;
	classes = {
	};
	objectVersion = 46;
	objects = {

/* Begin PBXBuildFile section */
		5B83B6251B94E76000BE4334 /* AppDelegate.swift in Sources */ = {isa = PBXBuildFile; fileRef = 5B83B6241B94E76000BE4334 /* AppDelegate.swift */; };
		5B83B6271B94E76000BE4334 /* ViewController.swift in Sources */ = {isa = PBXBuildFile; fileRef = 5B83B6261B94E76000BE4334 /* ViewController.swift */; };
		5B83B62A1B94E76000BE4334 /* Main.storyboard in Resources */ = {isa = PBXBuildFile; fileRef = 5B83B6281B94E76000BE4334 /* Main.storyboard */; };
		5B83B62C1B94E76000BE4334 /* Images.xcassets in Resources */ = {isa = PBXBuildFile; fileRef = 5B83B62B1B94E76000BE4334 /* Images.xcassets */; };
		5B83B62F1B94E76000BE4334 /* LaunchScreen.xib in Resources */ = {isa = PBXBuildFile; fileRef = 5B83B62D1B94E76000BE4334 /* LaunchScreen.xib */; };
		5B83B63B1B94E76000BE4334 /* TutorialAddSpingAnimatedButtonsTests.swift in Sources */ = {isa = PBXBuildFile; fileRef = 5B83B63A1B94E76000BE4334 /* TutorialAddSpingAnimatedButtonsTests.swift */; };
		5B83B6631B94EB3700BE4334 /* AsyncButton.swift in Sources */ = {isa = PBXBuildFile; fileRef = 5B83B6451B94EB3700BE4334 /* AsyncButton.swift */; };
		5B83B6641B94EB3700BE4334 /* AsyncImageView.swift in Sources */ = {isa = PBXBuildFile; fileRef = 5B83B6461B94EB3700BE4334 /* AsyncImageView.swift */; };
		5B83B6651B94EB3700BE4334 /* AutoTextView.swift in Sources */ = {isa = PBXBuildFile; fileRef = 5B83B6471B94EB3700BE4334 /* AutoTextView.swift */; };
		5B83B6661B94EB3700BE4334 /* BlurView.swift in Sources */ = {isa = PBXBuildFile; fileRef = 5B83B6481B94EB3700BE4334 /* BlurView.swift */; };
		5B83B6671B94EB3700BE4334 /* DesignableButton.swift in Sources */ = {isa = PBXBuildFile; fileRef = 5B83B6491B94EB3700BE4334 /* DesignableButton.swift */; };
		5B83B6681B94EB3700BE4334 /* DesignableImageView.swift in Sources */ = {isa = PBXBuildFile; fileRef = 5B83B64A1B94EB3700BE4334 /* DesignableImageView.swift */; };
		5B83B6691B94EB3700BE4334 /* DesignableLabel.swift in Sources */ = {isa = PBXBuildFile; fileRef = 5B83B64B1B94EB3700BE4334 /* DesignableLabel.swift */; };
		5B83B66A1B94EB3700BE4334 /* DesignableTabBarController.swift in Sources */ = {isa = PBXBuildFile; fileRef = 5B83B64C1B94EB3700BE4334 /* DesignableTabBarController.swift */; };
		5B83B66B1B94EB3700BE4334 /* DesignableTextField.swift in Sources */ = {isa = PBXBuildFile; fileRef = 5B83B64D1B94EB3700BE4334 /* DesignableTextField.swift */; };
		5B83B66C1B94EB3700BE4334 /* DesignableTextView.swift in Sources */ = {isa = PBXBuildFile; fileRef = 5B83B64E1B94EB3700BE4334 /* DesignableTextView.swift */; };
		5B83B66D1B94EB3700BE4334 /* DesignableView.swift in Sources */ = {isa = PBXBuildFile; fileRef = 5B83B64F1B94EB3700BE4334 /* DesignableView.swift */; };
		5B83B66E1B94EB3700BE4334 /* ImageLoader.swift in Sources */ = {isa = PBXBuildFile; fileRef = 5B83B6501B94EB3700BE4334 /* ImageLoader.swift */; };
		5B83B66F1B94EB3700BE4334 /* Info.plist in Resources */ = {isa = PBXBuildFile; fileRef = 5B83B6511B94EB3700BE4334 /* Info.plist */; };
		5B83B6701B94EB3700BE4334 /* KeyboardLayoutConstraint.swift in Sources */ = {isa = PBXBuildFile; fileRef = 5B83B6521B94EB3700BE4334 /* KeyboardLayoutConstraint.swift */; };
		5B83B6711B94EB3700BE4334 /* LoadingView.swift in Sources */ = {isa = PBXBuildFile; fileRef = 5B83B6531B94EB3700BE4334 /* LoadingView.swift */; };
		5B83B6721B94EB3700BE4334 /* LoadingView.xib in Resources */ = {isa = PBXBuildFile; fileRef = 5B83B6541B94EB3700BE4334 /* LoadingView.xib */; };
		5B83B6731B94EB3700BE4334 /* Misc.swift in Sources */ = {isa = PBXBuildFile; fileRef = 5B83B6551B94EB3700BE4334 /* Misc.swift */; };
		5B83B6741B94EB3700BE4334 /* SoundPlayer.swift in Sources */ = {isa = PBXBuildFile; fileRef = 5B83B6561B94EB3700BE4334 /* SoundPlayer.swift */; };
		5B83B6751B94EB3700BE4334 /* Spring.swift in Sources */ = {isa = PBXBuildFile; fileRef = 5B83B6581B94EB3700BE4334 /* Spring.swift */; };
		5B83B6761B94EB3700BE4334 /* SpringAnimation.swift in Sources */ = {isa = PBXBuildFile; fileRef = 5B83B6591B94EB3700BE4334 /* SpringAnimation.swift */; };
		5B83B6771B94EB3700BE4334 /* SpringButton.swift in Sources */ = {isa = PBXBuildFile; fileRef = 5B83B65A1B94EB3700BE4334 /* SpringButton.swift */; };
		5B83B6781B94EB3700BE4334 /* SpringImageView.swift in Sources */ = {isa = PBXBuildFile; fileRef = 5B83B65B1B94EB3700BE4334 /* SpringImageView.swift */; };
		5B83B6791B94EB3700BE4334 /* SpringLabel.swift in Sources */ = {isa = PBXBuildFile; fileRef = 5B83B65C1B94EB3700BE4334 /* SpringLabel.swift */; };
		5B83B67A1B94EB3700BE4334 /* SpringTextField.swift in Sources */ = {isa = PBXBuildFile; fileRef = 5B83B65D1B94EB3700BE4334 /* SpringTextField.swift */; };
		5B83B67B1B94EB3700BE4334 /* SpringTextView.swift in Sources */ = {isa = PBXBuildFile; fileRef = 5B83B65E1B94EB3700BE4334 /* SpringTextView.swift */; };
		5B83B67C1B94EB3700BE4334 /* SpringView.swift in Sources */ = {isa = PBXBuildFile; fileRef = 5B83B65F1B94EB3700BE4334 /* SpringView.swift */; };
		5B83B67D1B94EB3700BE4334 /* TransitionManager.swift in Sources */ = {isa = PBXBuildFile; fileRef = 5B83B6601B94EB3700BE4334 /* TransitionManager.swift */; };
		5B83B67E1B94EB3700BE4334 /* TransitionZoom.swift in Sources */ = {isa = PBXBuildFile; fileRef = 5B83B6611B94EB3700BE4334 /* TransitionZoom.swift */; };
		5B83B67F1B94EB3700BE4334 /* UnwindSegue.swift in Sources */ = {isa = PBXBuildFile; fileRef = 5B83B6621B94EB3700BE4334 /* UnwindSegue.swift */; };
/* End PBXBuildFile section */

/* Begin PBXContainerItemProxy section */
		5B83B6351B94E76000BE4334 /* PBXContainerItemProxy */ = {
			isa = PBXContainerItemProxy;
			containerPortal = 5B83B6171B94E76000BE4334 /* Project object */;
			proxyType = 1;
			remoteGlobalIDString = 5B83B61E1B94E76000BE4334;
			remoteInfo = TutorialAddSpingAnimatedButtons;
		};
/* End PBXContainerItemProxy section */

/* Begin PBXFileReference section */
		5B83B61F1B94E76000BE4334 /* TutorialAddSpingAnimatedButtons.app */ = {isa = PBXFileReference; explicitFileType = wrapper.application; includeInIndex = 0; path = TutorialAddSpingAnimatedButtons.app; sourceTree = BUILT_PRODUCTS_DIR; };
		5B83B6231B94E76000BE4334 /* Info.plist */ = {isa = PBXFileReference; lastKnownFileType = text.plist.xml; path = Info.plist; sourceTree = "<group>"; };
		5B83B6241B94E76000BE4334 /* AppDelegate.swift */ = {isa = PBXFileReference; lastKnownFileType = sourcecode.swift; path = AppDelegate.swift; sourceTree = "<group>"; };
		5B83B6261B94E76000BE4334 /* ViewController.swift */ = {isa = PBXFileReference; lastKnownFileType = sourcecode.swift; path = ViewController.swift; sourceTree = "<group>"; };
		5B83B6291B94E76000BE4334 /* Base */ = {isa = PBXFileReference; lastKnownFileType = file.storyboard; name = Base; path = Base.lproj/Main.storyboard; sourceTree = "<group>"; };
		5B83B62B1B94E76000BE4334 /* Images.xcassets */ = {isa = PBXFileReference; lastKnownFileType = folder.assetcatalog; path = Images.xcassets; sourceTree = "<group>"; };
		5B83B62E1B94E76000BE4334 /* Base */ = {isa = PBXFileReference; lastKnownFileType = file.xib; name = Base; path = Base.lproj/LaunchScreen.xib; sourceTree = "<group>"; };
		5B83B6341B94E76000BE4334 /* TutorialAddSpingAnimatedButtonsTests.xctest */ = {isa = PBXFileReference; explicitFileType = wrapper.cfbundle; includeInIndex = 0; path = TutorialAddSpingAnimatedButtonsTests.xctest; sourceTree = BUILT_PRODUCTS_DIR; };
		5B83B6391B94E76000BE4334 /* Info.plist */ = {isa = PBXFileReference; lastKnownFileType = text.plist.xml; path = Info.plist; sourceTree = "<group>"; };
		5B83B63A1B94E76000BE4334 /* TutorialAddSpingAnimatedButtonsTests.swift */ = {isa = PBXFileReference; lastKnownFileType = sourcecode.swift; path = TutorialAddSpingAnimatedButtonsTests.swift; sourceTree = "<group>"; };
		5B83B6451B94EB3700BE4334 /* AsyncButton.swift */ = {isa = PBXFileReference; fileEncoding = 4; lastKnownFileType = sourcecode.swift; path = AsyncButton.swift; sourceTree = "<group>"; };
		5B83B6461B94EB3700BE4334 /* AsyncImageView.swift */ = {isa = PBXFileReference; fileEncoding = 4; lastKnownFileType = sourcecode.swift; path = AsyncImageView.swift; sourceTree = "<group>"; };
		5B83B6471B94EB3700BE4334 /* AutoTextView.swift */ = {isa = PBXFileReference; fileEncoding = 4; lastKnownFileType = sourcecode.swift; path = AutoTextView.swift; sourceTree = "<group>"; };
		5B83B6481B94EB3700BE4334 /* BlurView.swift */ = {isa = PBXFileReference; fileEncoding = 4; lastKnownFileType = sourcecode.swift; path = BlurView.swift; sourceTree = "<group>"; };
		5B83B6491B94EB3700BE4334 /* DesignableButton.swift */ = {isa = PBXFileReference; fileEncoding = 4; lastKnownFileType = sourcecode.swift; path = DesignableButton.swift; sourceTree = "<group>"; };
		5B83B64A1B94EB3700BE4334 /* DesignableImageView.swift */ = {isa = PBXFileReference; fileEncoding = 4; lastKnownFileType = sourcecode.swift; path = DesignableImageView.swift; sourceTree = "<group>"; };
		5B83B64B1B94EB3700BE4334 /* DesignableLabel.swift */ = {isa = PBXFileReference; fileEncoding = 4; lastKnownFileType = sourcecode.swift; path = DesignableLabel.swift; sourceTree = "<group>"; };
		5B83B64C1B94EB3700BE4334 /* DesignableTabBarController.swift */ = {isa = PBXFileReference; fileEncoding = 4; lastKnownFileType = sourcecode.swift; path = DesignableTabBarController.swift; sourceTree = "<group>"; };
		5B83B64D1B94EB3700BE4334 /* DesignableTextField.swift */ = {isa = PBXFileReference; fileEncoding = 4; lastKnownFileType = sourcecode.swift; path = DesignableTextField.swift; sourceTree = "<group>"; };
		5B83B64E1B94EB3700BE4334 /* DesignableTextView.swift */ = {isa = PBXFileReference; fileEncoding = 4; lastKnownFileType = sourcecode.swift; path = DesignableTextView.swift; sourceTree = "<group>"; };
		5B83B64F1B94EB3700BE4334 /* DesignableView.swift */ = {isa = PBXFileReference; fileEncoding = 4; lastKnownFileType = sourcecode.swift; path = DesignableView.swift; sourceTree = "<group>"; };
		5B83B6501B94EB3700BE4334 /* ImageLoader.swift */ = {isa = PBXFileReference; fileEncoding = 4; lastKnownFileType = sourcecode.swift; path = ImageLoader.swift; sourceTree = "<group>"; };
		5B83B6511B94EB3700BE4334 /* Info.plist */ = {isa = PBXFileReference; fileEncoding = 4; lastKnownFileType = text.plist.xml; path = Info.plist; sourceTree = "<group>"; };
		5B83B6521B94EB3700BE4334 /* KeyboardLayoutConstraint.swift */ = {isa = PBXFileReference; fileEncoding = 4; lastKnownFileType = sourcecode.swift; path = KeyboardLayoutConstraint.swift; sourceTree = "<group>"; };
		5B83B6531B94EB3700BE4334 /* LoadingView.swift */ = {isa = PBXFileReference; fileEncoding = 4; lastKnownFileType = sourcecode.swift; path = LoadingView.swift; sourceTree = "<group>"; };
		5B83B6541B94EB3700BE4334 /* LoadingView.xib */ = {isa = PBXFileReference; fileEncoding = 4; lastKnownFileType = file.xib; path = LoadingView.xib; sourceTree = "<group>"; };
		5B83B6551B94EB3700BE4334 /* Misc.swift */ = {isa = PBXFileReference; fileEncoding = 4; lastKnownFileType = sourcecode.swift; path = Misc.swift; sourceTree = "<group>"; };
		5B83B6561B94EB3700BE4334 /* SoundPlayer.swift */ = {isa = PBXFileReference; fileEncoding = 4; lastKnownFileType = sourcecode.swift; path = SoundPlayer.swift; sourceTree = "<group>"; };
		5B83B6571B94EB3700BE4334 /* Spring.h */ = {isa = PBXFileReference; fileEncoding = 4; lastKnownFileType = sourcecode.c.h; path = Spring.h; sourceTree = "<group>"; };
		5B83B6581B94EB3700BE4334 /* Spring.swift */ = {isa = PBXFileReference; fileEncoding = 4; lastKnownFileType = sourcecode.swift; path = Spring.swift; sourceTree = "<group>"; };
		5B83B6591B94EB3700BE4334 /* SpringAnimation.swift */ = {isa = PBXFileReference; fileEncoding = 4; lastKnownFileType = sourcecode.swift; path = SpringAnimation.swift; sourceTree = "<group>"; };
		5B83B65A1B94EB3700BE4334 /* SpringButton.swift */ = {isa = PBXFileReference; fileEncoding = 4; lastKnownFileType = sourcecode.swift; path = SpringButton.swift; sourceTree = "<group>"; };
		5B83B65B1B94EB3700BE4334 /* SpringImageView.swift */ = {isa = PBXFileReference; fileEncoding = 4; lastKnownFileType = sourcecode.swift; path = SpringImageView.swift; sourceTree = "<group>"; };
		5B83B65C1B94EB3700BE4334 /* SpringLabel.swift */ = {isa = PBXFileReference; fileEncoding = 4; lastKnownFileType = sourcecode.swift; path = SpringLabel.swift; sourceTree = "<group>"; };
		5B83B65D1B94EB3700BE4334 /* SpringTextField.swift */ = {isa = PBXFileReference; fileEncoding = 4; lastKnownFileType = sourcecode.swift; path = SpringTextField.swift; sourceTree = "<group>"; };
		5B83B65E1B94EB3700BE4334 /* SpringTextView.swift */ = {isa = PBXFileReference; fileEncoding = 4; lastKnownFileType = sourcecode.swift; path = SpringTextView.swift; sourceTree = "<group>"; };
		5B83B65F1B94EB3700BE4334 /* SpringView.swift */ = {isa = PBXFileReference; fileEncoding = 4; lastKnownFileType = sourcecode.swift; path = SpringView.swift; sourceTree = "<group>"; };
		5B83B6601B94EB3700BE4334 /* TransitionManager.swift */ = {isa = PBXFileReference; fileEncoding = 4; lastKnownFileType = sourcecode.swift; path = TransitionManager.swift; sourceTree = "<group>"; };
		5B83B6611B94EB3700BE4334 /* TransitionZoom.swift */ = {isa = PBXFileReference; fileEncoding = 4; lastKnownFileType = sourcecode.swift; path = TransitionZoom.swift; sourceTree = "<group>"; };
		5B83B6621B94EB3700BE4334 /* UnwindSegue.swift */ = {isa = PBXFileReference; fileEncoding = 4; lastKnownFileType = sourcecode.swift; path = UnwindSegue.swift; sourceTree = "<group>"; };
/* End PBXFileReference section */

/* Begin PBXFrameworksBuildPhase section */
		5B83B61C1B94E76000BE4334 /* Frameworks */ = {
			isa = PBXFrameworksBuildPhase;
			buildActionMask = 2147483647;
			files = (
			);
			runOnlyForDeploymentPostprocessing = 0;
		};
		5B83B6311B94E76000BE4334 /* Frameworks */ = {
			isa = PBXFrameworksBuildPhase;
			buildActionMask = 2147483647;
			files = (
			);
			runOnlyForDeploymentPostprocessing = 0;
		};
/* End PBXFrameworksBuildPhase section */

/* Begin PBXGroup section */
		5B83B6161B94E76000BE4334 = {
			isa = PBXGroup;
			children = (
				5B83B6441B94EB3700BE4334 /* Spring */,
				5B83B6211B94E76000BE4334 /* TutorialAddSpingAnimatedButtons */,
				5B83B6371B94E76000BE4334 /* TutorialAddSpingAnimatedButtonsTests */,
				5B83B6201B94E76000BE4334 /* Products */,
			);
			sourceTree = "<group>";
		};
		5B83B6201B94E76000BE4334 /* Products */ = {
			isa = PBXGroup;
			children = (
				5B83B61F1B94E76000BE4334 /* TutorialAddSpingAnimatedButtons.app */,
				5B83B6341B94E76000BE4334 /* TutorialAddSpingAnimatedButtonsTests.xctest */,
			);
			name = Products;
			sourceTree = "<group>";
		};
		5B83B6211B94E76000BE4334 /* TutorialAddSpingAnimatedButtons */ = {
			isa = PBXGroup;
			children = (
				5B83B6241B94E76000BE4334 /* AppDelegate.swift */,
				5B83B6261B94E76000BE4334 /* ViewController.swift */,
				5B83B6281B94E76000BE4334 /* Main.storyboard */,
				5B83B62B1B94E76000BE4334 /* Images.xcassets */,
				5B83B62D1B94E76000BE4334 /* LaunchScreen.xib */,
				5B83B6221B94E76000BE4334 /* Supporting Files */,
			);
			path = TutorialAddSpingAnimatedButtons;
			sourceTree = "<group>";
		};
		5B83B6221B94E76000BE4334 /* Supporting Files */ = {
			isa = PBXGroup;
			children = (
				5B83B6231B94E76000BE4334 /* Info.plist */,
			);
			name = "Supporting Files";
			sourceTree = "<group>";
		};
		5B83B6371B94E76000BE4334 /* TutorialAddSpingAnimatedButtonsTests */ = {
			isa = PBXGroup;
			children = (
				5B83B63A1B94E76000BE4334 /* TutorialAddSpingAnimatedButtonsTests.swift */,
				5B83B6381B94E76000BE4334 /* Supporting Files */,
			);
			path = TutorialAddSpingAnimatedButtonsTests;
			sourceTree = "<group>";
		};
		5B83B6381B94E76000BE4334 /* Supporting Files */ = {
			isa = PBXGroup;
			children = (
				5B83B6391B94E76000BE4334 /* Info.plist */,
			);
			name = "Supporting Files";
			sourceTree = "<group>";
		};
		5B83B6441B94EB3700BE4334 /* Spring */ = {
			isa = PBXGroup;
			children = (
				5B83B6451B94EB3700BE4334 /* AsyncButton.swift */,
				5B83B6461B94EB3700BE4334 /* AsyncImageView.swift */,
				5B83B6471B94EB3700BE4334 /* AutoTextView.swift */,
				5B83B6481B94EB3700BE4334 /* BlurView.swift */,
				5B83B6491B94EB3700BE4334 /* DesignableButton.swift */,
				5B83B64A1B94EB3700BE4334 /* DesignableImageView.swift */,
				5B83B64B1B94EB3700BE4334 /* DesignableLabel.swift */,
				5B83B64C1B94EB3700BE4334 /* DesignableTabBarController.swift */,
				5B83B64D1B94EB3700BE4334 /* DesignableTextField.swift */,
				5B83B64E1B94EB3700BE4334 /* DesignableTextView.swift */,
				5B83B64F1B94EB3700BE4334 /* DesignableView.swift */,
				5B83B6501B94EB3700BE4334 /* ImageLoader.swift */,
				5B83B6511B94EB3700BE4334 /* Info.plist */,
				5B83B6521B94EB3700BE4334 /* KeyboardLayoutConstraint.swift */,
				5B83B6531B94EB3700BE4334 /* LoadingView.swift */,
				5B83B6541B94EB3700BE4334 /* LoadingView.xib */,
				5B83B6551B94EB3700BE4334 /* Misc.swift */,
				5B83B6561B94EB3700BE4334 /* SoundPlayer.swift */,
				5B83B6571B94EB3700BE4334 /* Spring.h */,
				5B83B6581B94EB3700BE4334 /* Spring.swift */,
				5B83B6591B94EB3700BE4334 /* SpringAnimation.swift */,
				5B83B65A1B94EB3700BE4334 /* SpringButton.swift */,
				5B83B65B1B94EB3700BE4334 /* SpringImageView.swift */,
				5B83B65C1B94EB3700BE4334 /* SpringLabel.swift */,
				5B83B65D1B94EB3700BE4334 /* SpringTextField.swift */,
				5B83B65E1B94EB3700BE4334 /* SpringTextView.swift */,
				5B83B65F1B94EB3700BE4334 /* SpringView.swift */,
				5B83B6601B94EB3700BE4334 /* TransitionManager.swift */,
				5B83B6611B94EB3700BE4334 /* TransitionZoom.swift */,
				5B83B6621B94EB3700BE4334 /* UnwindSegue.swift */,
			);
			path = Spring;
			sourceTree = "<group>";
		};
/* End PBXGroup section */

/* Begin PBXNativeTarget section */
		5B83B61E1B94E76000BE4334 /* TutorialAddSpingAnimatedButtons */ = {
			isa = PBXNativeTarget;
			buildConfigurationList = 5B83B63E1B94E76000BE4334 /* Build configuration list for PBXNativeTarget "TutorialAddSpingAnimatedButtons" */;
			buildPhases = (
				5B83B61B1B94E76000BE4334 /* Sources */,
				5B83B61C1B94E76000BE4334 /* Frameworks */,
				5B83B61D1B94E76000BE4334 /* Resources */,
			);
			buildRules = (
			);
			dependencies = (
			);
			name = TutorialAddSpingAnimatedButtons;
			productName = TutorialAddSpingAnimatedButtons;
			productReference = 5B83B61F1B94E76000BE4334 /* TutorialAddSpingAnimatedButtons.app */;
			productType = "com.apple.product-type.application";
		};
		5B83B6331B94E76000BE4334 /* TutorialAddSpingAnimatedButtonsTests */ = {
			isa = PBXNativeTarget;
			buildConfigurationList = 5B83B6411B94E76000BE4334 /* Build configuration list for PBXNativeTarget "TutorialAddSpingAnimatedButtonsTests" */;
			buildPhases = (
				5B83B6301B94E76000BE4334 /* Sources */,
				5B83B6311B94E76000BE4334 /* Frameworks */,
				5B83B6321B94E76000BE4334 /* Resources */,
			);
			buildRules = (
			);
			dependencies = (
				5B83B6361B94E76000BE4334 /* PBXTargetDependency */,
			);
			name = TutorialAddSpingAnimatedButtonsTests;
			productName = TutorialAddSpingAnimatedButtonsTests;
			productReference = 5B83B6341B94E76000BE4334 /* TutorialAddSpingAnimatedButtonsTests.xctest */;
			productType = "com.apple.product-type.bundle.unit-test";
		};
/* End PBXNativeTarget section */

/* Begin PBXProject section */
		5B83B6171B94E76000BE4334 /* Project object */ = {
			isa = PBXProject;
			attributes = {
				LastUpgradeCheck = 0640;
				ORGANIZATIONNAME = DevApp;
				TargetAttributes = {
					5B83B61E1B94E76000BE4334 = {
						CreatedOnToolsVersion = 6.4;
					};
					5B83B6331B94E76000BE4334 = {
						CreatedOnToolsVersion = 6.4;
						TestTargetID = 5B83B61E1B94E76000BE4334;
					};
				};
			};
			buildConfigurationList = 5B83B61A1B94E76000BE4334 /* Build configuration list for PBXProject "TutorialAddSpingAnimatedButtons" */;
			compatibilityVersion = "Xcode 3.2";
			developmentRegion = English;
			hasScannedForEncodings = 0;
			knownRegions = (
				en,
				Base,
			);
			mainGroup = 5B83B6161B94E76000BE4334;
			productRefGroup = 5B83B6201B94E76000BE4334 /* Products */;
			projectDirPath = "";
			projectRoot = "";
			targets = (
				5B83B61E1B94E76000BE4334 /* TutorialAddSpingAnimatedButtons */,
				5B83B6331B94E76000BE4334 /* TutorialAddSpingAnimatedButtonsTests */,
			);
		};
/* End PBXProject section */

/* Begin PBXResourcesBuildPhase section */
		5B83B61D1B94E76000BE4334 /* Resources */ = {
			isa = PBXResourcesBuildPhase;
			buildActionMask = 2147483647;
			files = (
				5B83B66F1B94EB3700BE4334 /* Info.plist in Resources */,
				5B83B62A1B94E76000BE4334 /* Main.storyboard in Resources */,
				5B83B62F1B94E76000BE4334 /* LaunchScreen.xib in Resources */,
				5B83B62C1B94E76000BE4334 /* Images.xcassets in Resources */,
				5B83B6721B94EB3700BE4334 /* LoadingView.xib in Resources */,
			);
			runOnlyForDeploymentPostprocessing = 0;
		};
		5B83B6321B94E76000BE4334 /* Resources */ = {
			isa = PBXResourcesBuildPhase;
			buildActionMask = 2147483647;
			files = (
			);
			runOnlyForDeploymentPostprocessing = 0;
		};
/* End PBXResourcesBuildPhase section */

/* Begin PBXSourcesBuildPhase section */
		5B83B61B1B94E76000BE4334 /* Sources */ = {
			isa = PBXSourcesBuildPhase;
			buildActionMask = 2147483647;
			files = (
				5B83B6791B94EB3700BE4334 /* SpringLabel.swift in Sources */,
				5B83B66E1B94EB3700BE4334 /* ImageLoader.swift in Sources */,
				5B83B6731B94EB3700BE4334 /* Misc.swift in Sources */,
				5B83B6681B94EB3700BE4334 /* DesignableImageView.swift in Sources */,
				5B83B6781B94EB3700BE4334 /* SpringImageView.swift in Sources */,
				5B83B6271B94E76000BE4334 /* ViewController.swift in Sources */,
				5B83B6741B94EB3700BE4334 /* SoundPlayer.swift in Sources */,
				5B83B67B1B94EB3700BE4334 /* SpringTextView.swift in Sources */,
				5B83B6251B94E76000BE4334 /* AppDelegate.swift in Sources */,
				5B83B66D1B94EB3700BE4334 /* DesignableView.swift in Sources */,
				5B83B6761B94EB3700BE4334 /* SpringAnimation.swift in Sources */,
				5B83B6751B94EB3700BE4334 /* Spring.swift in Sources */,
				5B83B6711B94EB3700BE4334 /* LoadingView.swift in Sources */,
				5B83B67A1B94EB3700BE4334 /* SpringTextField.swift in Sources */,
				5B83B6671B94EB3700BE4334 /* DesignableButton.swift in Sources */,
				5B83B66B1B94EB3700BE4334 /* DesignableTextField.swift in Sources */,
				5B83B6631B94EB3700BE4334 /* AsyncButton.swift in Sources */,
				5B83B6701B94EB3700BE4334 /* KeyboardLayoutConstraint.swift in Sources */,
				5B83B6771B94EB3700BE4334 /* SpringButton.swift in Sources */,
				5B83B6641B94EB3700BE4334 /* AsyncImageView.swift in Sources */,
				5B83B66A1B94EB3700BE4334 /* DesignableTabBarController.swift in Sources */,
				5B83B6651B94EB3700BE4334 /* AutoTextView.swift in Sources */,
				5B83B66C1B94EB3700BE4334 /* DesignableTextView.swift in Sources */,
				5B83B6691B94EB3700BE4334 /* DesignableLabel.swift in Sources */,
				5B83B67F1B94EB3700BE4334 /* UnwindSegue.swift in Sources */,
				5B83B67D1B94EB3700BE4334 /* TransitionManager.swift in Sources */,
				5B83B6661B94EB3700BE4334 /* BlurView.swift in Sources */,
				5B83B67C1B94EB3700BE4334 /* SpringView.swift in Sources */,
				5B83B67E1B94EB3700BE4334 /* TransitionZoom.swift in Sources */,
			);
			runOnlyForDeploymentPostprocessing = 0;
		};
		5B83B6301B94E76000BE4334 /* Sources */ = {
			isa = PBXSourcesBuildPhase;
			buildActionMask = 2147483647;
			files = (
				5B83B63B1B94E76000BE4334 /* TutorialAddSpingAnimatedButtonsTests.swift in Sources */,
			);
			runOnlyForDeploymentPostprocessing = 0;
		};
/* End PBXSourcesBuildPhase section */

/* Begin PBXTargetDependency section */
		5B83B6361B94E76000BE4334 /* PBXTargetDependency */ = {
			isa = PBXTargetDependency;
			target = 5B83B61E1B94E76000BE4334 /* TutorialAddSpingAnimatedButtons */;
			targetProxy = 5B83B6351B94E76000BE4334 /* PBXContainerItemProxy */;
		};
/* End PBXTargetDependency section */

/* Begin PBXVariantGroup section */
		5B83B6281B94E76000BE4334 /* Main.storyboard */ = {
			isa = PBXVariantGroup;
			children = (
				5B83B6291B94E76000BE4334 /* Base */,
			);
			name = Main.storyboard;
			sourceTree = "<group>";
		};
		5B83B62D1B94E76000BE4334 /* LaunchScreen.xib */ = {
			isa = PBXVariantGroup;
			children = (
				5B83B62E1B94E76000BE4334 /* Base */,
			);
			name = LaunchScreen.xib;
			sourceTree = "<group>";
		};
/* End PBXVariantGroup section */

/* Begin XCBuildConfiguration section */
		5B83B63C1B94E76000BE4334 /* Debug */ = {
			isa = XCBuildConfiguration;
			buildSettings = {
				ALWAYS_SEARCH_USER_PATHS = NO;
				CLANG_CXX_LANGUAGE_STANDARD = "gnu++0x";
				CLANG_CXX_LIBRARY = "libc++";
				CLANG_ENABLE_MODULES = YES;
				CLANG_ENABLE_OBJC_ARC = YES;
				CLANG_WARN_BOOL_CONVERSION = YES;
				CLANG_WARN_CONSTANT_CONVERSION = YES;
				CLANG_WARN_DIRECT_OBJC_ISA_USAGE = YES_ERROR;
				CLANG_WARN_EMPTY_BODY = YES;
				CLANG_WARN_ENUM_CONVERSION = YES;
				CLANG_WARN_INT_CONVERSION = YES;
				CLANG_WARN_OBJC_ROOT_CLASS = YES_ERROR;
				CLANG_WARN_UNREACHABLE_CODE = YES;
				CLANG_WARN__DUPLICATE_METHOD_MATCH = YES;
				"CODE_SIGN_IDENTITY[sdk=iphoneos*]" = "iPhone Developer";
				COPY_PHASE_STRIP = NO;
				DEBUG_INFORMATION_FORMAT = "dwarf-with-dsym";
				ENABLE_STRICT_OBJC_MSGSEND = YES;
				GCC_C_LANGUAGE_STANDARD = gnu99;
				GCC_DYNAMIC_NO_PIC = NO;
				GCC_NO_COMMON_BLOCKS = YES;
				GCC_OPTIMIZATION_LEVEL = 0;
				GCC_PREPROCESSOR_DEFINITIONS = (
					"DEBUG=1",
					"$(inherited)",
				);
				GCC_SYMBOLS_PRIVATE_EXTERN = NO;
				GCC_WARN_64_TO_32_BIT_CONVERSION = YES;
				GCC_WARN_ABOUT_RETURN_TYPE = YES_ERROR;
				GCC_WARN_UNDECLARED_SELECTOR = YES;
				GCC_WARN_UNINITIALIZED_AUTOS = YES_AGGRESSIVE;
				GCC_WARN_UNUSED_FUNCTION = YES;
				GCC_WARN_UNUSED_VARIABLE = YES;
				IPHONEOS_DEPLOYMENT_TARGET = 8.4;
				MTL_ENABLE_DEBUG_INFO = YES;
				ONLY_ACTIVE_ARCH = YES;
				SDKROOT = iphoneos;
				SWIFT_OPTIMIZATION_LEVEL = "-Onone";
			};
			name = Debug;
		};
		5B83B63D1B94E76000BE4334 /* Release */ = {
			isa = XCBuildConfiguration;
			buildSettings = {
				ALWAYS_SEARCH_USER_PATHS = NO;
				CLANG_CXX_LANGUAGE_STANDARD = "gnu++0x";
				CLANG_CXX_LIBRARY = "libc++";
				CLANG_ENABLE_MODULES = YES;
				CLANG_ENABLE_OBJC_ARC = YES;
				CLANG_WARN_BOOL_CONVERSION = YES;
				CLANG_WARN_CONSTANT_CONVERSION = YES;
				CLANG_WARN_DIRECT_OBJC_ISA_USAGE = YES_ERROR;
				CLANG_WARN_EMPTY_BODY = YES;
				CLANG_WARN_ENUM_CONVERSION = YES;
				CLANG_WARN_INT_CONVERSION = YES;
				CLANG_WARN_OBJC_ROOT_CLASS = YES_ERROR;
				CLANG_WARN_UNREACHABLE_CODE = YES;
				CLANG_WARN__DUPLICATE_METHOD_MATCH = YES;
				"CODE_SIGN_IDENTITY[sdk=iphoneos*]" = "iPhone Developer";
				COPY_PHASE_STRIP = NO;
				DEBUG_INFORMATION_FORMAT = "dwarf-with-dsym";
				ENABLE_NS_ASSERTIONS = NO;
				ENABLE_STRICT_OBJC_MSGSEND = YES;
				GCC_C_LANGUAGE_STANDARD = gnu99;
				GCC_NO_COMMON_BLOCKS = YES;
				GCC_WARN_64_TO_32_BIT_CONVERSION = YES;
				GCC_WARN_ABOUT_RETURN_TYPE = YES_ERROR;
				GCC_WARN_UNDECLARED_SELECTOR = YES;
				GCC_WARN_UNINITIALIZED_AUTOS = YES_AGGRESSIVE;
				GCC_WARN_UNUSED_FUNCTION = YES;
				GCC_WARN_UNUSED_VARIABLE = YES;
				IPHONEOS_DEPLOYMENT_TARGET = 8.4;
				MTL_ENABLE_DEBUG_INFO = NO;
				SDKROOT = iphoneos;
				VALIDATE_PRODUCT = YES;
			};
			name = Release;
		};
		5B83B63F1B94E76000BE4334 /* Debug */ = {
			isa = XCBuildConfiguration;
			buildSettings = {
				ASSETCATALOG_COMPILER_APPICON_NAME = AppIcon;
				INFOPLIST_FILE = TutorialAddSpingAnimatedButtons/Info.plist;
				LD_RUNPATH_SEARCH_PATHS = "$(inherited) @executable_path/Frameworks";
				PRODUCT_NAME = "$(TARGET_NAME)";
			};
			name = Debug;
		};
		5B83B6401B94E76000BE4334 /* Release */ = {
			isa = XCBuildConfiguration;
			buildSettings = {
				ASSETCATALOG_COMPILER_APPICON_NAME = AppIcon;
				INFOPLIST_FILE = TutorialAddSpingAnimatedButtons/Info.plist;
				LD_RUNPATH_SEARCH_PATHS = "$(inherited) @executable_path/Frameworks";
				PRODUCT_NAME = "$(TARGET_NAME)";
			};
			name = Release;
		};
		5B83B6421B94E76000BE4334 /* Debug */ = {
			isa = XCBuildConfiguration;
			buildSettings = {
				BUNDLE_LOADER = "$(TEST_HOST)";
				FRAMEWORK_SEARCH_PATHS = (
					"$(SDKROOT)/Developer/Library/Frameworks",
					"$(inherited)",
				);
				GCC_PREPROCESSOR_DEFINITIONS = (
					"DEBUG=1",
					"$(inherited)",
				);
				INFOPLIST_FILE = TutorialAddSpingAnimatedButtonsTests/Info.plist;
				LD_RUNPATH_SEARCH_PATHS = "$(inherited) @executable_path/Frameworks @loader_path/Frameworks";
				PRODUCT_NAME = "$(TARGET_NAME)";
				TEST_HOST = "$(BUILT_PRODUCTS_DIR)/TutorialAddSpingAnimatedButtons.app/TutorialAddSpingAnimatedButtons";
			};
			name = Debug;
		};
		5B83B6431B94E76000BE4334 /* Release */ = {
			isa = XCBuildConfiguration;
			buildSettings = {
				BUNDLE_LOADER = "$(TEST_HOST)";
				FRAMEWORK_SEARCH_PATHS = (
					"$(SDKROOT)/Developer/Library/Frameworks",
					"$(inherited)",
				);
				INFOPLIST_FILE = TutorialAddSpingAnimatedButtonsTests/Info.plist;
				LD_RUNPATH_SEARCH_PATHS = "$(inherited) @executable_path/Frameworks @loader_path/Frameworks";
				PRODUCT_NAME = "$(TARGET_NAME)";
				TEST_HOST = "$(BUILT_PRODUCTS_DIR)/TutorialAddSpingAnimatedButtons.app/TutorialAddSpingAnimatedButtons";
			};
			name = Release;
		};
/* End XCBuildConfiguration section */

/* Begin XCConfigurationList section */
		5B83B61A1B94E76000BE4334 /* Build configuration list for PBXProject "TutorialAddSpingAnimatedButtons" */ = {
			isa = XCConfigurationList;
			buildConfigurations = (
				5B83B63C1B94E76000BE4334 /* Debug */,
				5B83B63D1B94E76000BE4334 /* Release */,
			);
			defaultConfigurationIsVisible = 0;
			defaultConfigurationName = Release;
		};
		5B83B63E1B94E76000BE4334 /* Build configuration list for PBXNativeTarget "TutorialAddSpingAnimatedButtons" */ = {
			isa = XCConfigurationList;
			buildConfigurations = (
				5B83B63F1B94E76000BE4334 /* Debug */,
				5B83B6401B94E76000BE4334 /* Release */,
			);
			defaultConfigurationIsVisible = 0;
		};
		5B83B6411B94E76000BE4334 /* Build configuration list for PBXNativeTarget "TutorialAddSpingAnimatedButtonsTests" */ = {
			isa = XCConfigurationList;
			buildConfigurations = (
				5B83B6421B94E76000BE4334 /* Debug */,
				5B83B6431B94E76000BE4334 /* Release */,
			);
			defaultConfigurationIsVisible = 0;
		};
/* End XCConfigurationList section */
	};
	rootObject = 5B83B6171B94E76000BE4334 /* Project object */;
}
